
Microsoft Visual Studio Solution File, Format Version 12.00
# Visual Studio Version 17
VisualStudioVersion = 17.7.34009.444
MinimumVisualStudioVersion = 10.0.40219.1
Project("{FAE04EC0-301F-11D3-BF4B-00C04F79EFBC}") = "Test", "Test\Test.csproj", "{9AC8E823-CC8D-4C0D-B318-BA4115591EAB}"
EndProject
Global
	GlobalSection(SolutionConfigurationPlatforms) = preSolution
		Debug|Any CPU = Debug|Any CPU
		Release|Any CPU = Release|Any CPU
	EndGlobalSection
	GlobalSection(ProjectConfigurationPlatforms) = postSolution
		{9AC8E823-CC8D-4C0D-B318-BA4115591EAB}.Debug|Any CPU.ActiveCfg = Debug|Any CPU
		{9AC8E823-CC8D-4C0D-B318-BA4115591EAB}.Debug|Any CPU.Build.0 = Debug|Any CPU
		{9AC8E823-CC8D-4C0D-B318-BA4115591EAB}.Release|Any CPU.ActiveCfg = Release|Any CPU
		{9AC8E823-CC8D-4C0D-B318-BA4115591EAB}.Release|Any CPU.Build.0 = Release|Any CPU
	EndGlobalSection
	GlobalSection(SolutionProperties) = preSolution
		HideSolutionNode = FALSE
	EndGlobalSection
	GlobalSection(ExtensibilityGlobals) = postSolution
		SolutionGuid = {EF0AF948-8571-485D-8638-3A2DF4F88E00}
	EndGlobalSection
EndGlobal
